
Microsoft Visual Studio Solution File, Format Version 12.00
# Visual Studio 15
VisualStudioVersion = 15.0.28307.705
MinimumVisualStudioVersion = 10.0.40219.1
Project("{FAE04EC0-301F-11D3-BF4B-00C04F79EFBC}") = "EstateAgency", "EstateAgency\EstateAgency.csproj", "{88E8BF2C-C053-4BD2-B157-3EE8A0E543CA}"
EndProject
Global
	GlobalSection(SolutionConfigurationPlatforms) = preSolution
		Debug|Any CPU = Debug|Any CPU
		Release|Any CPU = Release|Any CPU
	EndGlobalSection
	GlobalSection(ProjectConfigurationPlatforms) = postSolution
		{88E8BF2C-C053-4BD2-B157-3EE8A0E543CA}.Debug|Any CPU.ActiveCfg = Debug|Any CPU
		{88E8BF2C-C053-4BD2-B157-3EE8A0E543CA}.Debug|Any CPU.Build.0 = Debug|Any CPU
		{88E8BF2C-C053-4BD2-B157-3EE8A0E543CA}.Release|Any CPU.ActiveCfg = Release|Any CPU
		{88E8BF2C-C053-4BD2-B157-3EE8A0E543CA}.Release|Any CPU.Build.0 = Release|Any CPU
	EndGlobalSection
	GlobalSection(SolutionProperties) = preSolution
		HideSolutionNode = FALSE
	EndGlobalSection
	GlobalSection(ExtensibilityGlobals) = postSolution
		SolutionGuid = {FF19D3A1-E36F-447C-A105-F3FD69B9551C}
	EndGlobalSection
EndGlobal
